
Microsoft Visual Studio Solution File, Format Version 12.00
# Visual Studio Version 17
VisualStudioVersion = 17.1.32319.34
MinimumVisualStudioVersion = 10.0.40219.1
Project("{2150E333-8FDC-42A3-9474-1A3956D46DE8}") = "Apps", "Apps", "{28C31853-DECB-4E65-8924-F0B923E02C32}"
EndProject
Project("{6EC3EE1D-3C4E-46DD-8F32-0CC8E7565705}") = "Util", "Util\Util.fsproj", "{665978C2-36F4-4823-9C9D-4255309947FD}"
EndProject
Project("{6EC3EE1D-3C4E-46DD-8F32-0CC8E7565705}") = "UtilMaui", "UtilMaui\UtilMaui.fsproj", "{41C55857-1FC1-4832-968F-29ACD52B9410}"
EndProject
Project("{9A19103F-16F7-4668-BE54-9A1E7A4F7556}") = "MauiFs", "MauiFs\MauiFs.csproj", "{CA6ABFD3-1673-472B-AB92-01EB58BD65FD}"
EndProject
Project("{6EC3EE1D-3C4E-46DD-8F32-0CC8E7565705}") = "MauiFsLogics", "MauiFsLogics\MauiFsLogics.fsproj", "{5C3EFA04-C9A4-456F-AE22-0677464FBE3D}"
EndProject
Project("{9A19103F-16F7-4668-BE54-9A1E7A4F7556}") = "BlazorApp", "BlazorApp\BlazorApp.csproj", "{D1E3BB7A-FA51-4A08-A2AB-5C98C86A1BF7}"
EndProject
Project("{F2A71F9B-5D33-465A-A702-920D77279786}") = "UtilBlazor", "UtilBlazor\UtilBlazor.fsproj", "{95DDF886-C754-49BB-A8D4-EAD05041743D}"
EndProject
Global
	GlobalSection(SolutionConfigurationPlatforms) = preSolution
		Debug|Any CPU = Debug|Any CPU
		Release|Any CPU = Release|Any CPU
	EndGlobalSection
	GlobalSection(ProjectConfigurationPlatforms) = postSolution
		{665978C2-36F4-4823-9C9D-4255309947FD}.Debug|Any CPU.ActiveCfg = Debug|Any CPU
		{665978C2-36F4-4823-9C9D-4255309947FD}.Debug|Any CPU.Build.0 = Debug|Any CPU
		{665978C2-36F4-4823-9C9D-4255309947FD}.Release|Any CPU.ActiveCfg = Release|Any CPU
		{665978C2-36F4-4823-9C9D-4255309947FD}.Release|Any CPU.Build.0 = Release|Any CPU
		{41C55857-1FC1-4832-968F-29ACD52B9410}.Debug|Any CPU.ActiveCfg = Debug|Any CPU
		{41C55857-1FC1-4832-968F-29ACD52B9410}.Debug|Any CPU.Build.0 = Debug|Any CPU
		{41C55857-1FC1-4832-968F-29ACD52B9410}.Release|Any CPU.ActiveCfg = Release|Any CPU
		{41C55857-1FC1-4832-968F-29ACD52B9410}.Release|Any CPU.Build.0 = Release|Any CPU
		{CA6ABFD3-1673-472B-AB92-01EB58BD65FD}.Debug|Any CPU.ActiveCfg = Debug|Any CPU
		{CA6ABFD3-1673-472B-AB92-01EB58BD65FD}.Debug|Any CPU.Build.0 = Debug|Any CPU
		{CA6ABFD3-1673-472B-AB92-01EB58BD65FD}.Debug|Any CPU.Deploy.0 = Debug|Any CPU
		{CA6ABFD3-1673-472B-AB92-01EB58BD65FD}.Release|Any CPU.ActiveCfg = Release|Any CPU
		{CA6ABFD3-1673-472B-AB92-01EB58BD65FD}.Release|Any CPU.Build.0 = Release|Any CPU
		{CA6ABFD3-1673-472B-AB92-01EB58BD65FD}.Release|Any CPU.Deploy.0 = Release|Any CPU
		{5C3EFA04-C9A4-456F-AE22-0677464FBE3D}.Debug|Any CPU.ActiveCfg = Debug|Any CPU
		{5C3EFA04-C9A4-456F-AE22-0677464FBE3D}.Debug|Any CPU.Build.0 = Debug|Any CPU
		{5C3EFA04-C9A4-456F-AE22-0677464FBE3D}.Release|Any CPU.ActiveCfg = Release|Any CPU
		{5C3EFA04-C9A4-456F-AE22-0677464FBE3D}.Release|Any CPU.Build.0 = Release|Any CPU
		{D1E3BB7A-FA51-4A08-A2AB-5C98C86A1BF7}.Debug|Any CPU.ActiveCfg = Debug|Any CPU
		{D1E3BB7A-FA51-4A08-A2AB-5C98C86A1BF7}.Debug|Any CPU.Build.0 = Debug|Any CPU
		{D1E3BB7A-FA51-4A08-A2AB-5C98C86A1BF7}.Release|Any CPU.ActiveCfg = Release|Any CPU
		{D1E3BB7A-FA51-4A08-A2AB-5C98C86A1BF7}.Release|Any CPU.Build.0 = Release|Any CPU
		{95DDF886-C754-49BB-A8D4-EAD05041743D}.Debug|Any CPU.ActiveCfg = Debug|Any CPU
		{95DDF886-C754-49BB-A8D4-EAD05041743D}.Debug|Any CPU.Build.0 = Debug|Any CPU
		{95DDF886-C754-49BB-A8D4-EAD05041743D}.Release|Any CPU.ActiveCfg = Release|Any CPU
		{95DDF886-C754-49BB-A8D4-EAD05041743D}.Release|Any CPU.Build.0 = Release|Any CPU
	EndGlobalSection
	GlobalSection(SolutionProperties) = preSolution
		HideSolutionNode = FALSE
	EndGlobalSection
	GlobalSection(ExtensibilityGlobals) = postSolution
		SolutionGuid = {5D6FBBFE-FF28-4250-BBFB-AC6B8661ACA6}
	EndGlobalSection
EndGlobal
