
Microsoft Visual Studio Solution File, Format Version 12.00
# Visual Studio Version 17
VisualStudioVersion = 17.10.34916.146
MinimumVisualStudioVersion = 10.0.40219.1
Project("{F2A71F9B-5D33-465A-A702-920D77279786}") = "Util", "Util\Util.fsproj", "{B674B571-3D1B-4D28-981E-1C37FA0960F8}"
EndProject
Global
	GlobalSection(SolutionConfigurationPlatforms) = preSolution
		Debug|Any CPU = Debug|Any CPU
		Release|Any CPU = Release|Any CPU
	EndGlobalSection
	GlobalSection(ProjectConfigurationPlatforms) = postSolution
		{B674B571-3D1B-4D28-981E-1C37FA0960F8}.Debug|Any CPU.ActiveCfg = Debug|Any CPU
		{B674B571-3D1B-4D28-981E-1C37FA0960F8}.Debug|Any CPU.Build.0 = Debug|Any CPU
		{B674B571-3D1B-4D28-981E-1C37FA0960F8}.Release|Any CPU.ActiveCfg = Release|Any CPU
		{B674B571-3D1B-4D28-981E-1C37FA0960F8}.Release|Any CPU.Build.0 = Release|Any CPU
	EndGlobalSection
	GlobalSection(SolutionProperties) = preSolution
		HideSolutionNode = FALSE
	EndGlobalSection
	GlobalSection(ExtensibilityGlobals) = postSolution
		SolutionGuid = {6581C4F4-03F5-4394-8A67-ADE1C97BB557}
	EndGlobalSection
EndGlobal
